# This file is generated by running "yarn install" inside your project.
# Manual changes might be lost - proceed with caution!

__metadata:
  version: 5
  cacheKey: 8

"axios@npm:latest":
  version: 0.24.0
  resolution: "axios@npm:0.24.0"
  dependencies:
    follow-redirects: ^1.14.4
  checksum: 468cf496c08a6aadfb7e699bebdac02851e3043d4e7d282350804ea8900e30d368daa6e3cd4ab83b8ddb5a3b1e17a5a21ada13fc9cebd27b74828f47a4236316
  languageName: node
  linkType: hard

"follow-redirects@npm:^1.14.4":
  version: 1.14.5
  resolution: "follow-redirects@npm:1.14.5"
  peerDependenciesMeta:
    debug:
      optional: true
  checksum: f004a76b2ee3a849772c2816e30928253bf47537b0f00184d89f4966413add96a228a4d96ca8c702bc045a683c52c2ba41545c915cc1a5e33bf8fd9d07b59aee
  languageName: node
  linkType: hard

"typescript@npm:next":
  version: 4.6.0-dev.20211203
  resolution: "typescript@npm:4.6.0-dev.20211203"
  bin:
    tsc: bin/tsc
    tsserver: bin/tsserver
  checksum: 29cc3055bdd3b50037dd6796006d7775fb2701fa02b76c15022d6d9c1079a857de2cd0426f97eabac1042f821f983be37abd36dd53a140d7d53c0a964b990ec6
  languageName: node
  linkType: hard

"typescript@patch:typescript@next#~builtin<compat/typescript>":
  version: 4.6.0-dev.20211203
  resolution: "typescript@patch:typescript@npm%3A4.6.0-dev.20211203#~builtin<compat/typescript>::version=4.6.0-dev.20211203&hash=493e53"
  bin:
    tsc: bin/tsc
    tsserver: bin/tsserver
  checksum: 6f196aef29d32785835676aad77a5ac3be1f4acfbe09d6a9e0f1ab7721c4563acbc6c65e6669516c74ee02cbff6f4b0f493f2a157ecdba0ab164f08f274811ab
  languageName: node
  linkType: hard

"vlo-accounts-client@workspace:.":
  version: 0.0.0-use.local
  resolution: "vlo-accounts-client@workspace:."
  dependencies:
    axios: latest
    typescript: next
  languageName: unknown
  linkType: soft
